{
  "name": "movies2imdb",
  "version": "1.0.0",
  "lockfileVersion": 1,
  "requires": true,
  "dependencies": {
    "gpf-js": {
      "version": "0.2.9",
      "resolved": "https://registry.npmjs.org/gpf-js/-/gpf-js-0.2.9.tgz",
      "integrity": "sha512-3xTP2A0WU3evmgbKh3mRu1mDpwHEd3e8jY1jO262to++71ZnaFRIvTSQF27D/1fDuD0xu7ZAYL2R819TATQETQ=="
    },
    "reserve": {
      "version": "1.1.1",
      "resolved": "https://registry.npmjs.org/reserve/-/reserve-1.1.1.tgz",
      "integrity": "sha512-3sJxulmDYhKqTV9tvskknuTtwITpgx9Jz+svrXLW0jqMlruPe5gFs/bmTiR2ZRF+mSTKH/ggLFuRMytVydQ+9Q=="
    }
  }
}
